
Microsoft Visual Studio Solution File, Format Version 12.00
# Visual Studio Version 16
VisualStudioVersion = 16.0.32002.261
MinimumVisualStudioVersion = 10.0.40219.1
Project("{FAE04EC0-301F-11D3-BF4B-00C04F79EFBC}") = "EstiManager_2", "EstiManager_2\EstiManager_2.csproj", "{B8D3E1CF-BCFE-4351-90CC-8120C7E003C4}"
EndProject
Global
	GlobalSection(SolutionConfigurationPlatforms) = preSolution
		Debug|Any CPU = Debug|Any CPU
		Release|Any CPU = Release|Any CPU
	EndGlobalSection
	GlobalSection(ProjectConfigurationPlatforms) = postSolution
		{B8D3E1CF-BCFE-4351-90CC-8120C7E003C4}.Debug|Any CPU.ActiveCfg = Debug|Any CPU
		{B8D3E1CF-BCFE-4351-90CC-8120C7E003C4}.Debug|Any CPU.Build.0 = Debug|Any CPU
		{B8D3E1CF-BCFE-4351-90CC-8120C7E003C4}.Release|Any CPU.ActiveCfg = Release|Any CPU
		{B8D3E1CF-BCFE-4351-90CC-8120C7E003C4}.Release|Any CPU.Build.0 = Release|Any CPU
	EndGlobalSection
	GlobalSection(SolutionProperties) = preSolution
		HideSolutionNode = FALSE
	EndGlobalSection
	GlobalSection(ExtensibilityGlobals) = postSolution
		SolutionGuid = {A4716142-C82C-4BCC-8B19-34A752CB8F84}
	EndGlobalSection
EndGlobal
